
Microsoft Visual Studio Solution File, Format Version 12.00
# Visual Studio 15
VisualStudioVersion = 15.0.28307.757
MinimumVisualStudioVersion = 10.0.40219.1
Project("{FAE04EC0-301F-11D3-BF4B-00C04F79EFBC}") = "ConsoleApp1", "ConsoleApp1\ConsoleApp1.csproj", "{539DF1F7-9EEE-422A-A257-556FE8F7FE06}"
EndProject
Global
	GlobalSection(SolutionConfigurationPlatforms) = preSolution
		Debug|Any CPU = Debug|Any CPU
		Release|Any CPU = Release|Any CPU
	EndGlobalSection
	GlobalSection(ProjectConfigurationPlatforms) = postSolution
		{539DF1F7-9EEE-422A-A257-556FE8F7FE06}.Debug|Any CPU.ActiveCfg = Debug|Any CPU
		{539DF1F7-9EEE-422A-A257-556FE8F7FE06}.Debug|Any CPU.Build.0 = Debug|Any CPU
		{539DF1F7-9EEE-422A-A257-556FE8F7FE06}.Release|Any CPU.ActiveCfg = Release|Any CPU
		{539DF1F7-9EEE-422A-A257-556FE8F7FE06}.Release|Any CPU.Build.0 = Release|Any CPU
	EndGlobalSection
	GlobalSection(SolutionProperties) = preSolution
		HideSolutionNode = FALSE
	EndGlobalSection
	GlobalSection(ExtensibilityGlobals) = postSolution
		SolutionGuid = {DF13DDE1-A91D-4C8C-8FD8-59EE9EA61B04}
	EndGlobalSection
EndGlobal
